
Microsoft Visual Studio Solution File, Format Version 12.00
# Visual Studio 15
VisualStudioVersion = 15.0.27004.2010
MinimumVisualStudioVersion = 10.0.40219.1
Project("{FAE04EC0-301F-11D3-BF4B-00C04F79EFBC}") = "WebApi-ApplicationInsights", "WebApi-ApplicationInsights\WebApi-ApplicationInsights.csproj", "{D9AB8B11-E82C-4EBB-BFEF-4EBA490A895A}"
EndProject
Project("{FAE04EC0-301F-11D3-BF4B-00C04F79EFBC}") = "LogicaNegocio", "LogicaNegocio\LogicaNegocio.csproj", "{182BCB04-2718-4125-80E6-A9713430A38C}"
EndProject
Global
	GlobalSection(SolutionConfigurationPlatforms) = preSolution
		Debug|Any CPU = Debug|Any CPU
		Release|Any CPU = Release|Any CPU
	EndGlobalSection
	GlobalSection(ProjectConfigurationPlatforms) = postSolution
		{D9AB8B11-E82C-4EBB-BFEF-4EBA490A895A}.Debug|Any CPU.ActiveCfg = Debug|Any CPU
		{D9AB8B11-E82C-4EBB-BFEF-4EBA490A895A}.Debug|Any CPU.Build.0 = Debug|Any CPU
		{D9AB8B11-E82C-4EBB-BFEF-4EBA490A895A}.Release|Any CPU.ActiveCfg = Release|Any CPU
		{D9AB8B11-E82C-4EBB-BFEF-4EBA490A895A}.Release|Any CPU.Build.0 = Release|Any CPU
		{182BCB04-2718-4125-80E6-A9713430A38C}.Debug|Any CPU.ActiveCfg = Debug|Any CPU
		{182BCB04-2718-4125-80E6-A9713430A38C}.Debug|Any CPU.Build.0 = Debug|Any CPU
		{182BCB04-2718-4125-80E6-A9713430A38C}.Release|Any CPU.ActiveCfg = Release|Any CPU
		{182BCB04-2718-4125-80E6-A9713430A38C}.Release|Any CPU.Build.0 = Release|Any CPU
	EndGlobalSection
	GlobalSection(SolutionProperties) = preSolution
		HideSolutionNode = FALSE
	EndGlobalSection
	GlobalSection(ExtensibilityGlobals) = postSolution
		SolutionGuid = {558CA6CB-2C0B-4D31-A4A2-C3892BCBB25F}
	EndGlobalSection
EndGlobal
